
Microsoft Visual Studio Solution File, Format Version 12.00
# Visual Studio Version 17
VisualStudioVersion = 17.5.33627.172
MinimumVisualStudioVersion = 10.0.40219.1
Project("{FAE04EC0-301F-11D3-BF4B-00C04F79EFBC}") = "TimeOnlyVariables", "TimeOnlyVariables\TimeOnlyVariables.csproj", "{E40A3E0F-811B-44AC-B534-8A14552CCF3D}"
EndProject
Global
	GlobalSection(SolutionConfigurationPlatforms) = preSolution
		Debug|Any CPU = Debug|Any CPU
		Release|Any CPU = Release|Any CPU
	EndGlobalSection
	GlobalSection(ProjectConfigurationPlatforms) = postSolution
		{E40A3E0F-811B-44AC-B534-8A14552CCF3D}.Debug|Any CPU.ActiveCfg = Debug|Any CPU
		{E40A3E0F-811B-44AC-B534-8A14552CCF3D}.Debug|Any CPU.Build.0 = Debug|Any CPU
		{E40A3E0F-811B-44AC-B534-8A14552CCF3D}.Release|Any CPU.ActiveCfg = Release|Any CPU
		{E40A3E0F-811B-44AC-B534-8A14552CCF3D}.Release|Any CPU.Build.0 = Release|Any CPU
	EndGlobalSection
	GlobalSection(SolutionProperties) = preSolution
		HideSolutionNode = FALSE
	EndGlobalSection
	GlobalSection(ExtensibilityGlobals) = postSolution
		SolutionGuid = {4CDE25E3-FC73-4727-8659-8F1BE5549D49}
	EndGlobalSection
EndGlobal
